
Microsoft Visual Studio Solution File, Format Version 12.00
# Visual Studio Version 17
VisualStudioVersion = 17.11.35222.181
MinimumVisualStudioVersion = 10.0.40219.1
Project("{FAE04EC0-301F-11D3-BF4B-00C04F79EFBC}") = "Uppgift 1", "Uppgift 1.csproj", "{8BA1E28A-4B4B-4119-B844-60B37C5DC76E}"
EndProject
Global
	GlobalSection(SolutionConfigurationPlatforms) = preSolution
		Debug|Any CPU = Debug|Any CPU
		Release|Any CPU = Release|Any CPU
	EndGlobalSection
	GlobalSection(ProjectConfigurationPlatforms) = postSolution
		{8BA1E28A-4B4B-4119-B844-60B37C5DC76E}.Debug|Any CPU.ActiveCfg = Debug|Any CPU
		{8BA1E28A-4B4B-4119-B844-60B37C5DC76E}.Debug|Any CPU.Build.0 = Debug|Any CPU
		{8BA1E28A-4B4B-4119-B844-60B37C5DC76E}.Release|Any CPU.ActiveCfg = Release|Any CPU
		{8BA1E28A-4B4B-4119-B844-60B37C5DC76E}.Release|Any CPU.Build.0 = Release|Any CPU
	EndGlobalSection
	GlobalSection(SolutionProperties) = preSolution
		HideSolutionNode = FALSE
	EndGlobalSection
	GlobalSection(ExtensibilityGlobals) = postSolution
		SolutionGuid = {E78941BC-5EB9-4E33-ABC9-0047A2E8F853}
	EndGlobalSection
EndGlobal
